// !$*UTF8*$!
{
	archiveVersion = 1;
	classes = {
	};
	objectVersion = 46;
	objects = {

/* Begin PBXBuildFile section */
		235026501C2C59EB00015F01 /* AppDelegate.swift in Sources */ = {isa = PBXBuildFile; fileRef = 2350264F1C2C59EB00015F01 /* AppDelegate.swift */; };
		235026521C2C59EB00015F01 /* ViewController.swift in Sources */ = {isa = PBXBuildFile; fileRef = 235026511C2C59EB00015F01 /* ViewController.swift */; };
		235026551C2C59EB00015F01 /* Main.storyboard in Resources */ = {isa = PBXBuildFile; fileRef = 235026531C2C59EB00015F01 /* Main.storyboard */; };
		235026571C2C59EB00015F01 /* Assets.xcassets in Resources */ = {isa = PBXBuildFile; fileRef = 235026561C2C59EB00015F01 /* Assets.xcassets */; };
/* End PBXBuildFile section */

/* Begin PBXFileReference section */
		2350264C1C2C59EB00015F01 /* PopcornTime.app */ = {isa = PBXFileReference; explicitFileType = wrapper.application; includeInIndex = 0; path = PopcornTime.app; sourceTree = BUILT_PRODUCTS_DIR; };
		2350264F1C2C59EB00015F01 /* AppDelegate.swift */ = {isa = PBXFileReference; lastKnownFileType = sourcecode.swift; path = AppDelegate.swift; sourceTree = "<group>"; };
		235026511C2C59EB00015F01 /* ViewController.swift */ = {isa = PBXFileReference; lastKnownFileType = sourcecode.swift; path = ViewController.swift; sourceTree = "<group>"; };
		235026541C2C59EB00015F01 /* Base */ = {isa = PBXFileReference; lastKnownFileType = file.storyboard; name = Base; path = Base.lproj/Main.storyboard; sourceTree = "<group>"; };
		235026561C2C59EB00015F01 /* Assets.xcassets */ = {isa = PBXFileReference; lastKnownFileType = folder.assetcatalog; path = Assets.xcassets; sourceTree = "<group>"; };
		235026581C2C59EB00015F01 /* Info.plist */ = {isa = PBXFileReference; lastKnownFileType = text.plist.xml; path = Info.plist; sourceTree = "<group>"; };
/* End PBXFileReference section */

/* Begin PBXFrameworksBuildPhase section */
		235026491C2C59EB00015F01 /* Frameworks */ = {
			isa = PBXFrameworksBuildPhase;
			buildActionMask = 2147483647;
			files = (
			);
			runOnlyForDeploymentPostprocessing = 0;
		};
/* End PBXFrameworksBuildPhase section */

/* Begin PBXGroup section */
		235026431C2C59EB00015F01 = {
			isa = PBXGroup;
			children = (
				2350264E1C2C59EB00015F01 /* PopcornTime */,
				2350264D1C2C59EB00015F01 /* Products */,
			);
			sourceTree = "<group>";
		};
		2350264D1C2C59EB00015F01 /* Products */ = {
			isa = PBXGroup;
			children = (
				2350264C1C2C59EB00015F01 /* PopcornTime.app */,
			);
			name = Products;
			sourceTree = "<group>";
		};
		2350264E1C2C59EB00015F01 /* PopcornTime */ = {
			isa = PBXGroup;
			children = (
				2350264F1C2C59EB00015F01 /* AppDelegate.swift */,
				235026511C2C59EB00015F01 /* ViewController.swift */,
				235026531C2C59EB00015F01 /* Main.storyboard */,
				235026561C2C59EB00015F01 /* Assets.xcassets */,
				235026581C2C59EB00015F01 /* Info.plist */,
			);
			path = PopcornTime;
			sourceTree = "<group>";
		};
/* End PBXGroup section */

/* Begin PBXNativeTarget section */
		2350264B1C2C59EB00015F01 /* PopcornTime */ = {
			isa = PBXNativeTarget;
			buildConfigurationList = 2350265B1C2C59EB00015F01 /* Build configuration list for PBXNativeTarget "PopcornTime" */;
			buildPhases = (
				235026481C2C59EB00015F01 /* Sources */,
				235026491C2C59EB00015F01 /* Frameworks */,
				2350264A1C2C59EB00015F01 /* Resources */,
			);
			buildRules = (
			);
			dependencies = (
			);
			name = PopcornTime;
			productName = PopcornTime;
			productReference = 2350264C1C2C59EB00015F01 /* PopcornTime.app */;
			productType = "com.apple.product-type.application";
		};
/* End PBXNativeTarget section */

/* Begin PBXProject section */
		235026441C2C59EB00015F01 /* Project object */ = {
			isa = PBXProject;
			attributes = {
				LastSwiftUpdateCheck = 0720;
				LastUpgradeCheck = 0720;
				ORGANIZATIONNAME = com.PPinera;
				TargetAttributes = {
					2350264B1C2C59EB00015F01 = {
						CreatedOnToolsVersion = 7.2;
					};
				};
			};
			buildConfigurationList = 235026471C2C59EB00015F01 /* Build configuration list for PBXProject "PopcornTime" */;
			compatibilityVersion = "Xcode 3.2";
			developmentRegion = English;
			hasScannedForEncodings = 0;
			knownRegions = (
				en,
				Base,
			);
			mainGroup = 235026431C2C59EB00015F01;
			productRefGroup = 2350264D1C2C59EB00015F01 /* Products */;
			projectDirPath = "";
			projectRoot = "";
			targets = (
				2350264B1C2C59EB00015F01 /* PopcornTime */,
			);
		};
/* End PBXProject section */

/* Begin PBXResourcesBuildPhase section */
		2350264A1C2C59EB00015F01 /* Resources */ = {
			isa = PBXResourcesBuildPhase;
			buildActionMask = 2147483647;
			files = (
				235026571C2C59EB00015F01 /* Assets.xcassets in Resources */,
				235026551C2C59EB00015F01 /* Main.storyboard in Resources */,
			);
			runOnlyForDeploymentPostprocessing = 0;
		};
/* End PBXResourcesBuildPhase section */

/* Begin PBXSourcesBuildPhase section */
		235026481C2C59EB00015F01 /* Sources */ = {
			isa = PBXSourcesBuildPhase;
			buildActionMask = 2147483647;
			files = (
				235026521C2C59EB00015F01 /* ViewController.swift in Sources */,
				235026501C2C59EB00015F01 /* AppDelegate.swift in Sources */,
			);
			runOnlyForDeploymentPostprocessing = 0;
		};
/* End PBXSourcesBuildPhase section */

/* Begin PBXVariantGroup section */
		235026531C2C59EB00015F01 /* Main.storyboard */ = {
			isa = PBXVariantGroup;
			children = (
				235026541C2C59EB00015F01 /* Base */,
			);
			name = Main.storyboard;
			sourceTree = "<group>";
		};
/* End PBXVariantGroup section */

/* Begin XCBuildConfiguration section */
		235026591C2C59EB00015F01 /* Debug */ = {
			isa = XCBuildConfiguration;
			buildSettings = {
				ALWAYS_SEARCH_USER_PATHS = NO;
				CLANG_CXX_LANGUAGE_STANDARD = "gnu++0x";
				CLANG_CXX_LIBRARY = "libc++";
				CLANG_ENABLE_MODULES = YES;
				CLANG_ENABLE_OBJC_ARC = YES;
				CLANG_WARN_BOOL_CONVERSION = YES;
				CLANG_WARN_CONSTANT_CONVERSION = YES;
				CLANG_WARN_DIRECT_OBJC_ISA_USAGE = YES_ERROR;
				CLANG_WARN_EMPTY_BODY = YES;
				CLANG_WARN_ENUM_CONVERSION = YES;
				CLANG_WARN_INT_CONVERSION = YES;
				CLANG_WARN_OBJC_ROOT_CLASS = YES_ERROR;
				CLANG_WARN_UNREACHABLE_CODE = YES;
				CLANG_WARN__DUPLICATE_METHOD_MATCH = YES;
				COPY_PHASE_STRIP = NO;
				DEBUG_INFORMATION_FORMAT = dwarf;
				ENABLE_STRICT_OBJC_MSGSEND = YES;
				ENABLE_TESTABILITY = YES;
				GCC_C_LANGUAGE_STANDARD = gnu99;
				GCC_DYNAMIC_NO_PIC = NO;
				GCC_NO_COMMON_BLOCKS = YES;
				GCC_OPTIMIZATION_LEVEL = 0;
				GCC_PREPROCESSOR_DEFINITIONS = (
					"DEBUG=1",
					"$(inherited)",
				);
				GCC_WARN_64_TO_32_BIT_CONVERSION = YES;
				GCC_WARN_ABOUT_RETURN_TYPE = YES_ERROR;
				GCC_WARN_UNDECLARED_SELECTOR = YES;
				GCC_WARN_UNINITIALIZED_AUTOS = YES_AGGRESSIVE;
				GCC_WARN_UNUSED_FUNCTION = YES;
				GCC_WARN_UNUSED_VARIABLE = YES;
				MTL_ENABLE_DEBUG_INFO = YES;
				ONLY_ACTIVE_ARCH = YES;
				SDKROOT = appletvos;
				SWIFT_OPTIMIZATION_LEVEL = "-Onone";
				TARGETED_DEVICE_FAMILY = 3;
				TVOS_DEPLOYMENT_TARGET = 9.1;
			};
			name = Debug;
		};
		2350265A1C2C59EB00015F01 /* Release */ = {
			isa = XCBuildConfiguration;
			buildSettings = {
				ALWAYS_SEARCH_USER_PATHS = NO;
				CLANG_CXX_LANGUAGE_STANDARD = "gnu++0x";
				CLANG_CXX_LIBRARY = "libc++";
				CLANG_ENABLE_MODULES = YES;
				CLANG_ENABLE_OBJC_ARC = YES;
				CLANG_WARN_BOOL_CONVERSION = YES;
				CLANG_WARN_CONSTANT_CONVERSION = YES;
				CLANG_WARN_DIRECT_OBJC_ISA_USAGE = YES_ERROR;
				CLANG_WARN_EMPTY_BODY = YES;
				CLANG_WARN_ENUM_CONVERSION = YES;
				CLANG_WARN_INT_CONVERSION = YES;
				CLANG_WARN_OBJC_ROOT_CLASS = YES_ERROR;
				CLANG_WARN_UNREACHABLE_CODE = YES;
				CLANG_WARN__DUPLICATE_METHOD_MATCH = YES;
				COPY_PHASE_STRIP = NO;
				DEBUG_INFORMATION_FORMAT = "dwarf-with-dsym";
				ENABLE_NS_ASSERTIONS = NO;
				ENABLE_STRICT_OBJC_MSGSEND = YES;
				GCC_C_LANGUAGE_STANDARD = gnu99;
				GCC_NO_COMMON_BLOCKS = YES;
				GCC_WARN_64_TO_32_BIT_CONVERSION = YES;
				GCC_WARN_ABOUT_RETURN_TYPE = YES_ERROR;
				GCC_WARN_UNDECLARED_SELECTOR = YES;
				GCC_WARN_UNINITIALIZED_AUTOS = YES_AGGRESSIVE;
				GCC_WARN_UNUSED_FUNCTION = YES;
				GCC_WARN_UNUSED_VARIABLE = YES;
				MTL_ENABLE_DEBUG_INFO = NO;
				SDKROOT = appletvos;
				TARGETED_DEVICE_FAMILY = 3;
				TVOS_DEPLOYMENT_TARGET = 9.1;
				VALIDATE_PRODUCT = YES;
			};
			name = Release;
		};
		2350265C1C2C59EB00015F01 /* Debug */ = {
			isa = XCBuildConfiguration;
			buildSettings = {
				ASSETCATALOG_COMPILER_APPICON_NAME = "App Icon & Top Shelf Image";
				ASSETCATALOG_COMPILER_LAUNCHIMAGE_NAME = LaunchImage;
				INFOPLIST_FILE = PopcornTime/Info.plist;
				LD_RUNPATH_SEARCH_PATHS = "$(inherited) @executable_path/Frameworks";
				PRODUCT_BUNDLE_IDENTIFIER = com.PPinera.PopcornTime;
				PRODUCT_NAME = "$(TARGET_NAME)";
			};
			name = Debug;
		};
		2350265D1C2C59EB00015F01 /* Release */ = {
			isa = XCBuildConfiguration;
			buildSettings = {
				ASSETCATALOG_COMPILER_APPICON_NAME = "App Icon & Top Shelf Image";
				ASSETCATALOG_COMPILER_LAUNCHIMAGE_NAME = LaunchImage;
				INFOPLIST_FILE = PopcornTime/Info.plist;
				LD_RUNPATH_SEARCH_PATHS = "$(inherited) @executable_path/Frameworks";
				PRODUCT_BUNDLE_IDENTIFIER = com.PPinera.PopcornTime;
				PRODUCT_NAME = "$(TARGET_NAME)";
			};
			name = Release;
		};
/* End XCBuildConfiguration section */

/* Begin XCConfigurationList section */
		235026471C2C59EB00015F01 /* Build configuration list for PBXProject "PopcornTime" */ = {
			isa = XCConfigurationList;
			buildConfigurations = (
				235026591C2C59EB00015F01 /* Debug */,
				2350265A1C2C59EB00015F01 /* Release */,
			);
			defaultConfigurationIsVisible = 0;
			defaultConfigurationName = Release;
		};
		2350265B1C2C59EB00015F01 /* Build configuration list for PBXNativeTarget "PopcornTime" */ = {
			isa = XCConfigurationList;
			buildConfigurations = (
				2350265C1C2C59EB00015F01 /* Debug */,
				2350265D1C2C59EB00015F01 /* Release */,
			);
			defaultConfigurationIsVisible = 0;
		};
/* End XCConfigurationList section */
	};
	rootObject = 235026441C2C59EB00015F01 /* Project object */;
}
